
Microsoft Visual Studio Solution File, Format Version 12.00
# Visual Studio Version 17
VisualStudioVersion = 17.14.36511.14 d17.14
MinimumVisualStudioVersion = 10.0.40219.1
Project("{2150E333-8FDC-42A3-9474-1A3956D46DE8}") = "Task0", "Task0", "{02EA681E-C7D8-13C7-8484-4AC65E1B71E8}"
EndProject
Project("{FAE04EC0-301F-11D3-BF4B-00C04F79EFBC}") = "Tyuiu.ChepragaDM.Sprint2.Task0.V16", "Tyuiu.ChepragaDM.Sprint2.Task0.V16\Tyuiu.ChepragaDM.Sprint2.Task0.V16.csproj", "{1BC1C374-3A22-474D-9D4F-A844C3A905FE}"
EndProject
Project("{FAE04EC0-301F-11D3-BF4B-00C04F79EFBC}") = "Tyuiu.ChepragaDM.Sprint2.Task0.V16.Test", "Tyuiu.ChepragaDM.Sprint2.Task0.V16.Test\Tyuiu.ChepragaDM.Sprint2.Task0.V16.Test.csproj", "{B37F4369-DD14-4F68-A0B6-6FFBAB76BF88}"
EndProject
Project("{FAE04EC0-301F-11D3-BF4B-00C04F79EFBC}") = "Tyuiu.ChepragaDM.Sprint2.Task0.V16.Lib", "Tyuiu.ChepragaDM.Sprint2.Task0.V16.Lib\Tyuiu.ChepragaDM.Sprint2.Task0.V16.Lib.csproj", "{7879E407-DB2A-416A-99A4-B15A1BD69726}"
EndProject
Project("{2150E333-8FDC-42A3-9474-1A3956D46DE8}") = "Task1", "Task1", "{19328146-0359-4CC8-9D8A-A72C63DF469B}"
EndProject
Project("{FAE04EC0-301F-11D3-BF4B-00C04F79EFBC}") = "Tyuiu.ChepragaDM.Sprint2.Task1.V11.Lib", "Tyuiu.ChepragaDM.Sprint2.Task1.V11.Lib\Tyuiu.ChepragaDM.Sprint2.Task1.V11.Lib.csproj", "{8C1EE7FC-D8A1-4885-BBE9-C788DE7D4450}"
EndProject
Project("{FAE04EC0-301F-11D3-BF4B-00C04F79EFBC}") = "Tyuiu.ChepragaDM.Sprint2.Task1.V11.Test", "Tyuiu.ChepragaDM.Sprint2.Task1.V11.Test\Tyuiu.ChepragaDM.Sprint2.Task1.V11.Test.csproj", "{746E1279-1564-4E6F-A79B-E8076F1FE1A4}"
EndProject
Project("{FAE04EC0-301F-11D3-BF4B-00C04F79EFBC}") = "Tyuiu.ChepragaDM.Sprint2.Task1.V11", "Tyuiu.ChepragaDM.Sprint2.Task1.V11\Tyuiu.ChepragaDM.Sprint2.Task1.V11.csproj", "{C367FCE3-A102-48C6-8220-61550E0AC70D}"
EndProject
Project("{2150E333-8FDC-42A3-9474-1A3956D46DE8}") = "Task2", "Task2", "{618874E6-17A0-4864-BD97-AC3DCC7A0229}"
EndProject
Project("{FAE04EC0-301F-11D3-BF4B-00C04F79EFBC}") = "Tyuiu.ChepragaDM.Sprint2.Task2.V15", "Tyuiu.ChepragaDM.Sprint2.Task2.V15\Tyuiu.ChepragaDM.Sprint2.Task2.V15.csproj", "{DE08FD77-9DD4-45FE-A3B0-83AF89EA2756}"
EndProject
Project("{FAE04EC0-301F-11D3-BF4B-00C04F79EFBC}") = "Tyuiu.ChepragaDM.Sprint2.Task2.V15.Test", "Tyuiu.ChepragaDM.Sprint2.Task2.V15.Test\Tyuiu.ChepragaDM.Sprint2.Task2.V15.Test.csproj", "{80A4285D-9499-442D-8C4A-076ECCAEE17F}"
EndProject
Project("{FAE04EC0-301F-11D3-BF4B-00C04F79EFBC}") = "Tyuiu.ChepragaDM.Sprint2.Task2.V15.Lib", "Tyuiu.ChepragaDM.Sprint2.Task2.V15.Lib\Tyuiu.ChepragaDM.Sprint2.Task2.V15.Lib.csproj", "{95C6D36B-F616-4791-B57A-9DAA7B7AB6C8}"
EndProject
Global
	GlobalSection(SolutionConfigurationPlatforms) = preSolution
		Debug|Any CPU = Debug|Any CPU
		Release|Any CPU = Release|Any CPU
	EndGlobalSection
	GlobalSection(ProjectConfigurationPlatforms) = postSolution
		{1BC1C374-3A22-474D-9D4F-A844C3A905FE}.Debug|Any CPU.ActiveCfg = Debug|Any CPU
		{1BC1C374-3A22-474D-9D4F-A844C3A905FE}.Debug|Any CPU.Build.0 = Debug|Any CPU
		{1BC1C374-3A22-474D-9D4F-A844C3A905FE}.Release|Any CPU.ActiveCfg = Release|Any CPU
		{1BC1C374-3A22-474D-9D4F-A844C3A905FE}.Release|Any CPU.Build.0 = Release|Any CPU
		{B37F4369-DD14-4F68-A0B6-6FFBAB76BF88}.Debug|Any CPU.ActiveCfg = Debug|Any CPU
		{B37F4369-DD14-4F68-A0B6-6FFBAB76BF88}.Debug|Any CPU.Build.0 = Debug|Any CPU
		{B37F4369-DD14-4F68-A0B6-6FFBAB76BF88}.Release|Any CPU.ActiveCfg = Release|Any CPU
		{B37F4369-DD14-4F68-A0B6-6FFBAB76BF88}.Release|Any CPU.Build.0 = Release|Any CPU
		{7879E407-DB2A-416A-99A4-B15A1BD69726}.Debug|Any CPU.ActiveCfg = Debug|Any CPU
		{7879E407-DB2A-416A-99A4-B15A1BD69726}.Debug|Any CPU.Build.0 = Debug|Any CPU
		{7879E407-DB2A-416A-99A4-B15A1BD69726}.Release|Any CPU.ActiveCfg = Release|Any CPU
		{7879E407-DB2A-416A-99A4-B15A1BD69726}.Release|Any CPU.Build.0 = Release|Any CPU
		{8C1EE7FC-D8A1-4885-BBE9-C788DE7D4450}.Debug|Any CPU.ActiveCfg = Debug|Any CPU
		{8C1EE7FC-D8A1-4885-BBE9-C788DE7D4450}.Debug|Any CPU.Build.0 = Debug|Any CPU
		{8C1EE7FC-D8A1-4885-BBE9-C788DE7D4450}.Release|Any CPU.ActiveCfg = Release|Any CPU
		{8C1EE7FC-D8A1-4885-BBE9-C788DE7D4450}.Release|Any CPU.Build.0 = Release|Any CPU
		{746E1279-1564-4E6F-A79B-E8076F1FE1A4}.Debug|Any CPU.ActiveCfg = Debug|Any CPU
		{746E1279-1564-4E6F-A79B-E8076F1FE1A4}.Debug|Any CPU.Build.0 = Debug|Any CPU
		{746E1279-1564-4E6F-A79B-E8076F1FE1A4}.Release|Any CPU.ActiveCfg = Release|Any CPU
		{746E1279-1564-4E6F-A79B-E8076F1FE1A4}.Release|Any CPU.Build.0 = Release|Any CPU
		{C367FCE3-A102-48C6-8220-61550E0AC70D}.Debug|Any CPU.ActiveCfg = Debug|Any CPU
		{C367FCE3-A102-48C6-8220-61550E0AC70D}.Debug|Any CPU.Build.0 = Debug|Any CPU
		{C367FCE3-A102-48C6-8220-61550E0AC70D}.Release|Any CPU.ActiveCfg = Release|Any CPU
		{C367FCE3-A102-48C6-8220-61550E0AC70D}.Release|Any CPU.Build.0 = Release|Any CPU
		{DE08FD77-9DD4-45FE-A3B0-83AF89EA2756}.Debug|Any CPU.ActiveCfg = Debug|Any CPU
		{DE08FD77-9DD4-45FE-A3B0-83AF89EA2756}.Debug|Any CPU.Build.0 = Debug|Any CPU
		{DE08FD77-9DD4-45FE-A3B0-83AF89EA2756}.Release|Any CPU.ActiveCfg = Release|Any CPU
		{DE08FD77-9DD4-45FE-A3B0-83AF89EA2756}.Release|Any CPU.Build.0 = Release|Any CPU
		{80A4285D-9499-442D-8C4A-076ECCAEE17F}.Debug|Any CPU.ActiveCfg = Debug|Any CPU
		{80A4285D-9499-442D-8C4A-076ECCAEE17F}.Debug|Any CPU.Build.0 = Debug|Any CPU
		{80A4285D-9499-442D-8C4A-076ECCAEE17F}.Release|Any CPU.ActiveCfg = Release|Any CPU
		{80A4285D-9499-442D-8C4A-076ECCAEE17F}.Release|Any CPU.Build.0 = Release|Any CPU
		{95C6D36B-F616-4791-B57A-9DAA7B7AB6C8}.Debug|Any CPU.ActiveCfg = Debug|Any CPU
		{95C6D36B-F616-4791-B57A-9DAA7B7AB6C8}.Debug|Any CPU.Build.0 = Debug|Any CPU
		{95C6D36B-F616-4791-B57A-9DAA7B7AB6C8}.Release|Any CPU.ActiveCfg = Release|Any CPU
		{95C6D36B-F616-4791-B57A-9DAA7B7AB6C8}.Release|Any CPU.Build.0 = Release|Any CPU
	EndGlobalSection
	GlobalSection(SolutionProperties) = preSolution
		HideSolutionNode = FALSE
	EndGlobalSection
	GlobalSection(NestedProjects) = preSolution
		{1BC1C374-3A22-474D-9D4F-A844C3A905FE} = {02EA681E-C7D8-13C7-8484-4AC65E1B71E8}
		{B37F4369-DD14-4F68-A0B6-6FFBAB76BF88} = {02EA681E-C7D8-13C7-8484-4AC65E1B71E8}
		{7879E407-DB2A-416A-99A4-B15A1BD69726} = {02EA681E-C7D8-13C7-8484-4AC65E1B71E8}
		{8C1EE7FC-D8A1-4885-BBE9-C788DE7D4450} = {19328146-0359-4CC8-9D8A-A72C63DF469B}
		{746E1279-1564-4E6F-A79B-E8076F1FE1A4} = {19328146-0359-4CC8-9D8A-A72C63DF469B}
		{C367FCE3-A102-48C6-8220-61550E0AC70D} = {19328146-0359-4CC8-9D8A-A72C63DF469B}
		{DE08FD77-9DD4-45FE-A3B0-83AF89EA2756} = {618874E6-17A0-4864-BD97-AC3DCC7A0229}
		{80A4285D-9499-442D-8C4A-076ECCAEE17F} = {618874E6-17A0-4864-BD97-AC3DCC7A0229}
		{95C6D36B-F616-4791-B57A-9DAA7B7AB6C8} = {618874E6-17A0-4864-BD97-AC3DCC7A0229}
	EndGlobalSection
	GlobalSection(ExtensibilityGlobals) = postSolution
		SolutionGuid = {635394DE-146B-4E12-A7AB-03078DC6C113}
	EndGlobalSection
EndGlobal
